
Microsoft Visual Studio Solution File, Format Version 12.00
# Visual Studio Version 17
VisualStudioVersion = 17.2.32616.157
MinimumVisualStudioVersion = 10.0.40219.1
Project("{FAE04EC0-301F-11D3-BF4B-00C04F79EFBC}") = "Game", "Game.csproj", "{FF60D70F-5C22-4D4A-B7D1-06AFD80EF420}"
EndProject
Global
	GlobalSection(SolutionConfigurationPlatforms) = preSolution
		Debug|Any CPU = Debug|Any CPU
		Release|Any CPU = Release|Any CPU
	EndGlobalSection
	GlobalSection(ProjectConfigurationPlatforms) = postSolution
		{FF60D70F-5C22-4D4A-B7D1-06AFD80EF420}.Debug|Any CPU.ActiveCfg = Debug|Any CPU
		{FF60D70F-5C22-4D4A-B7D1-06AFD80EF420}.Debug|Any CPU.Build.0 = Debug|Any CPU
		{FF60D70F-5C22-4D4A-B7D1-06AFD80EF420}.Release|Any CPU.ActiveCfg = Release|Any CPU
		{FF60D70F-5C22-4D4A-B7D1-06AFD80EF420}.Release|Any CPU.Build.0 = Release|Any CPU
	EndGlobalSection
	GlobalSection(SolutionProperties) = preSolution
		HideSolutionNode = FALSE
	EndGlobalSection
	GlobalSection(ExtensibilityGlobals) = postSolution
		SolutionGuid = {E5B84557-30D1-43B4-8E8E-968CA4B8609D}
	EndGlobalSection
EndGlobal
